// !$*UTF8*$!
{
	archiveVersion = 1;
	classes = {
	};
	objectVersion = 48;
	objects = {

/* Begin PBXBuildFile section */
		C0C4532B205D66DB009D67B0 /* AppDelegate.swift in Sources */ = {isa = PBXBuildFile; fileRef = C0C4532A205D66DB009D67B0 /* AppDelegate.swift */; };
		C0C4532D205D66DB009D67B0 /* art.scnassets in Resources */ = {isa = PBXBuildFile; fileRef = C0C4532C205D66DB009D67B0 /* art.scnassets */; };
		C0C4532F205D66DB009D67B0 /* ViewController.swift in Sources */ = {isa = PBXBuildFile; fileRef = C0C4532E205D66DB009D67B0 /* ViewController.swift */; };
		C0C45332205D66DB009D67B0 /* Main.storyboard in Resources */ = {isa = PBXBuildFile; fileRef = C0C45330205D66DB009D67B0 /* Main.storyboard */; };
		C0C45334205D66DB009D67B0 /* Assets.xcassets in Resources */ = {isa = PBXBuildFile; fileRef = C0C45333205D66DB009D67B0 /* Assets.xcassets */; };
		C0C45337205D66DB009D67B0 /* LaunchScreen.storyboard in Resources */ = {isa = PBXBuildFile; fileRef = C0C45335205D66DB009D67B0 /* LaunchScreen.storyboard */; };
/* End PBXBuildFile section */

/* Begin PBXFileReference section */
		C0C45327205D66DB009D67B0 /* Powerful AR Ruler.app */ = {isa = PBXFileReference; explicitFileType = wrapper.application; includeInIndex = 0; path = "Powerful AR Ruler.app"; sourceTree = BUILT_PRODUCTS_DIR; };
		C0C4532A205D66DB009D67B0 /* AppDelegate.swift */ = {isa = PBXFileReference; lastKnownFileType = sourcecode.swift; path = AppDelegate.swift; sourceTree = "<group>"; };
		C0C4532C205D66DB009D67B0 /* art.scnassets */ = {isa = PBXFileReference; lastKnownFileType = wrapper.scnassets; path = art.scnassets; sourceTree = "<group>"; };
		C0C4532E205D66DB009D67B0 /* ViewController.swift */ = {isa = PBXFileReference; lastKnownFileType = sourcecode.swift; path = ViewController.swift; sourceTree = "<group>"; };
		C0C45331205D66DB009D67B0 /* Base */ = {isa = PBXFileReference; lastKnownFileType = file.storyboard; name = Base; path = Base.lproj/Main.storyboard; sourceTree = "<group>"; };
		C0C45333205D66DB009D67B0 /* Assets.xcassets */ = {isa = PBXFileReference; lastKnownFileType = folder.assetcatalog; path = Assets.xcassets; sourceTree = "<group>"; };
		C0C45336205D66DB009D67B0 /* Base */ = {isa = PBXFileReference; lastKnownFileType = file.storyboard; name = Base; path = Base.lproj/LaunchScreen.storyboard; sourceTree = "<group>"; };
		C0C45338205D66DB009D67B0 /* Info.plist */ = {isa = PBXFileReference; lastKnownFileType = text.plist.xml; path = Info.plist; sourceTree = "<group>"; };
/* End PBXFileReference section */

/* Begin PBXFrameworksBuildPhase section */
		C0C45324205D66DB009D67B0 /* Frameworks */ = {
			isa = PBXFrameworksBuildPhase;
			buildActionMask = 2147483647;
			files = (
			);
			runOnlyForDeploymentPostprocessing = 0;
		};
/* End PBXFrameworksBuildPhase section */

/* Begin PBXGroup section */
		C0C4531E205D66DA009D67B0 = {
			isa = PBXGroup;
			children = (
				C0C45329205D66DB009D67B0 /* Powerful AR Ruler */,
				C0C45328205D66DB009D67B0 /* Products */,
			);
			sourceTree = "<group>";
		};
		C0C45328205D66DB009D67B0 /* Products */ = {
			isa = PBXGroup;
			children = (
				C0C45327205D66DB009D67B0 /* Powerful AR Ruler.app */,
			);
			name = Products;
			sourceTree = "<group>";
		};
		C0C45329205D66DB009D67B0 /* Powerful AR Ruler */ = {
			isa = PBXGroup;
			children = (
				C0C4532A205D66DB009D67B0 /* AppDelegate.swift */,
				C0C4532C205D66DB009D67B0 /* art.scnassets */,
				C0C4532E205D66DB009D67B0 /* ViewController.swift */,
				C0C45330205D66DB009D67B0 /* Main.storyboard */,
				C0C45333205D66DB009D67B0 /* Assets.xcassets */,
				C0C45335205D66DB009D67B0 /* LaunchScreen.storyboard */,
				C0C45338205D66DB009D67B0 /* Info.plist */,
			);
			path = "Powerful AR Ruler";
			sourceTree = "<group>";
		};
/* End PBXGroup section */

/* Begin PBXNativeTarget section */
		C0C45326205D66DB009D67B0 /* Powerful AR Ruler */ = {
			isa = PBXNativeTarget;
			buildConfigurationList = C0C4533B205D66DB009D67B0 /* Build configuration list for PBXNativeTarget "Powerful AR Ruler" */;
			buildPhases = (
				C0C45323205D66DB009D67B0 /* Sources */,
				C0C45324205D66DB009D67B0 /* Frameworks */,
				C0C45325205D66DB009D67B0 /* Resources */,
			);
			buildRules = (
			);
			dependencies = (
			);
			name = "Powerful AR Ruler";
			productName = "Powerful AR Ruler";
			productReference = C0C45327205D66DB009D67B0 /* Powerful AR Ruler.app */;
			productType = "com.apple.product-type.application";
		};
/* End PBXNativeTarget section */

/* Begin PBXProject section */
		C0C4531F205D66DA009D67B0 /* Project object */ = {
			isa = PBXProject;
			attributes = {
				LastSwiftUpdateCheck = 0920;
				LastUpgradeCheck = 0920;
				ORGANIZATIONNAME = "Fanghao Song";
				TargetAttributes = {
					C0C45326205D66DB009D67B0 = {
						CreatedOnToolsVersion = 9.2;
						ProvisioningStyle = Automatic;
					};
				};
			};
			buildConfigurationList = C0C45322205D66DA009D67B0 /* Build configuration list for PBXProject "Powerful AR Ruler" */;
			compatibilityVersion = "Xcode 8.0";
			developmentRegion = en;
			hasScannedForEncodings = 0;
			knownRegions = (
				en,
				Base,
			);
			mainGroup = C0C4531E205D66DA009D67B0;
			productRefGroup = C0C45328205D66DB009D67B0 /* Products */;
			projectDirPath = "";
			projectRoot = "";
			targets = (
				C0C45326205D66DB009D67B0 /* Powerful AR Ruler */,
			);
		};
/* End PBXProject section */

/* Begin PBXResourcesBuildPhase section */
		C0C45325205D66DB009D67B0 /* Resources */ = {
			isa = PBXResourcesBuildPhase;
			buildActionMask = 2147483647;
			files = (
				C0C4532D205D66DB009D67B0 /* art.scnassets in Resources */,
				C0C45337205D66DB009D67B0 /* LaunchScreen.storyboard in Resources */,
				C0C45334205D66DB009D67B0 /* Assets.xcassets in Resources */,
				C0C45332205D66DB009D67B0 /* Main.storyboard in Resources */,
			);
			runOnlyForDeploymentPostprocessing = 0;
		};
/* End PBXResourcesBuildPhase section */

/* Begin PBXSourcesBuildPhase section */
		C0C45323205D66DB009D67B0 /* Sources */ = {
			isa = PBXSourcesBuildPhase;
			buildActionMask = 2147483647;
			files = (
				C0C4532F205D66DB009D67B0 /* ViewController.swift in Sources */,
				C0C4532B205D66DB009D67B0 /* AppDelegate.swift in Sources */,
			);
			runOnlyForDeploymentPostprocessing = 0;
		};
/* End PBXSourcesBuildPhase section */

/* Begin PBXVariantGroup section */
		C0C45330205D66DB009D67B0 /* Main.storyboard */ = {
			isa = PBXVariantGroup;
			children = (
				C0C45331205D66DB009D67B0 /* Base */,
			);
			name = Main.storyboard;
			sourceTree = "<group>";
		};
		C0C45335205D66DB009D67B0 /* LaunchScreen.storyboard */ = {
			isa = PBXVariantGroup;
			children = (
				C0C45336205D66DB009D67B0 /* Base */,
			);
			name = LaunchScreen.storyboard;
			sourceTree = "<group>";
		};
/* End PBXVariantGroup section */

/* Begin XCBuildConfiguration section */
		C0C45339205D66DB009D67B0 /* Debug */ = {
			isa = XCBuildConfiguration;
			buildSettings = {
				ALWAYS_SEARCH_USER_PATHS = NO;
				CLANG_ANALYZER_NONNULL = YES;
				CLANG_ANALYZER_NUMBER_OBJECT_CONVERSION = YES_AGGRESSIVE;
				CLANG_CXX_LANGUAGE_STANDARD = "gnu++14";
				CLANG_CXX_LIBRARY = "libc++";
				CLANG_ENABLE_MODULES = YES;
				CLANG_ENABLE_OBJC_ARC = YES;
				CLANG_WARN_BLOCK_CAPTURE_AUTORELEASING = YES;
				CLANG_WARN_BOOL_CONVERSION = YES;
				CLANG_WARN_COMMA = YES;
				CLANG_WARN_CONSTANT_CONVERSION = YES;
				CLANG_WARN_DIRECT_OBJC_ISA_USAGE = YES_ERROR;
				CLANG_WARN_DOCUMENTATION_COMMENTS = YES;
				CLANG_WARN_EMPTY_BODY = YES;
				CLANG_WARN_ENUM_CONVERSION = YES;
				CLANG_WARN_INFINITE_RECURSION = YES;
				CLANG_WARN_INT_CONVERSION = YES;
				CLANG_WARN_NON_LITERAL_NULL_CONVERSION = YES;
				CLANG_WARN_OBJC_LITERAL_CONVERSION = YES;
				CLANG_WARN_OBJC_ROOT_CLASS = YES_ERROR;
				CLANG_WARN_RANGE_LOOP_ANALYSIS = YES;
				CLANG_WARN_STRICT_PROTOTYPES = YES;
				CLANG_WARN_SUSPICIOUS_MOVE = YES;
				CLANG_WARN_UNGUARDED_AVAILABILITY = YES_AGGRESSIVE;
				CLANG_WARN_UNREACHABLE_CODE = YES;
				CLANG_WARN__DUPLICATE_METHOD_MATCH = YES;
				CODE_SIGN_IDENTITY = "iPhone Developer";
				COPY_PHASE_STRIP = NO;
				DEBUG_INFORMATION_FORMAT = dwarf;
				ENABLE_STRICT_OBJC_MSGSEND = YES;
				ENABLE_TESTABILITY = YES;
				GCC_C_LANGUAGE_STANDARD = gnu11;
				GCC_DYNAMIC_NO_PIC = NO;
				GCC_NO_COMMON_BLOCKS = YES;
				GCC_OPTIMIZATION_LEVEL = 0;
				GCC_PREPROCESSOR_DEFINITIONS = (
					"DEBUG=1",
					"$(inherited)",
				);
				GCC_WARN_64_TO_32_BIT_CONVERSION = YES;
				GCC_WARN_ABOUT_RETURN_TYPE = YES_ERROR;
				GCC_WARN_UNDECLARED_SELECTOR = YES;
				GCC_WARN_UNINITIALIZED_AUTOS = YES_AGGRESSIVE;
				GCC_WARN_UNUSED_FUNCTION = YES;
				GCC_WARN_UNUSED_VARIABLE = YES;
				IPHONEOS_DEPLOYMENT_TARGET = 11.2;
				MTL_ENABLE_DEBUG_INFO = YES;
				ONLY_ACTIVE_ARCH = YES;
				SDKROOT = iphoneos;
				SWIFT_ACTIVE_COMPILATION_CONDITIONS = DEBUG;
				SWIFT_OPTIMIZATION_LEVEL = "-Onone";
			};
			name = Debug;
		};
		C0C4533A205D66DB009D67B0 /* Release */ = {
			isa = XCBuildConfiguration;
			buildSettings = {
				ALWAYS_SEARCH_USER_PATHS = NO;
				CLANG_ANALYZER_NONNULL = YES;
				CLANG_ANALYZER_NUMBER_OBJECT_CONVERSION = YES_AGGRESSIVE;
				CLANG_CXX_LANGUAGE_STANDARD = "gnu++14";
				CLANG_CXX_LIBRARY = "libc++";
				CLANG_ENABLE_MODULES = YES;
				CLANG_ENABLE_OBJC_ARC = YES;
				CLANG_WARN_BLOCK_CAPTURE_AUTORELEASING = YES;
				CLANG_WARN_BOOL_CONVERSION = YES;
				CLANG_WARN_COMMA = YES;
				CLANG_WARN_CONSTANT_CONVERSION = YES;
				CLANG_WARN_DIRECT_OBJC_ISA_USAGE = YES_ERROR;
				CLANG_WARN_DOCUMENTATION_COMMENTS = YES;
				CLANG_WARN_EMPTY_BODY = YES;
				CLANG_WARN_ENUM_CONVERSION = YES;
				CLANG_WARN_INFINITE_RECURSION = YES;
				CLANG_WARN_INT_CONVERSION = YES;
				CLANG_WARN_NON_LITERAL_NULL_CONVERSION = YES;
				CLANG_WARN_OBJC_LITERAL_CONVERSION = YES;
				CLANG_WARN_OBJC_ROOT_CLASS = YES_ERROR;
				CLANG_WARN_RANGE_LOOP_ANALYSIS = YES;
				CLANG_WARN_STRICT_PROTOTYPES = YES;
				CLANG_WARN_SUSPICIOUS_MOVE = YES;
				CLANG_WARN_UNGUARDED_AVAILABILITY = YES_AGGRESSIVE;
				CLANG_WARN_UNREACHABLE_CODE = YES;
				CLANG_WARN__DUPLICATE_METHOD_MATCH = YES;
				CODE_SIGN_IDENTITY = "iPhone Developer";
				COPY_PHASE_STRIP = NO;
				DEBUG_INFORMATION_FORMAT = "dwarf-with-dsym";
				ENABLE_NS_ASSERTIONS = NO;
				ENABLE_STRICT_OBJC_MSGSEND = YES;
				GCC_C_LANGUAGE_STANDARD = gnu11;
				GCC_NO_COMMON_BLOCKS = YES;
				GCC_WARN_64_TO_32_BIT_CONVERSION = YES;
				GCC_WARN_ABOUT_RETURN_TYPE = YES_ERROR;
				GCC_WARN_UNDECLARED_SELECTOR = YES;
				GCC_WARN_UNINITIALIZED_AUTOS = YES_AGGRESSIVE;
				GCC_WARN_UNUSED_FUNCTION = YES;
				GCC_WARN_UNUSED_VARIABLE = YES;
				IPHONEOS_DEPLOYMENT_TARGET = 11.2;
				MTL_ENABLE_DEBUG_INFO = NO;
				SDKROOT = iphoneos;
				SWIFT_OPTIMIZATION_LEVEL = "-Owholemodule";
				VALIDATE_PRODUCT = YES;
			};
			name = Release;
		};
		C0C4533C205D66DB009D67B0 /* Debug */ = {
			isa = XCBuildConfiguration;
			buildSettings = {
				ASSETCATALOG_COMPILER_APPICON_NAME = AppIcon;
				CODE_SIGN_STYLE = Automatic;
				DEVELOPMENT_TEAM = 5S328P56KJ;
				INFOPLIST_FILE = "Powerful AR Ruler/Info.plist";
				LD_RUNPATH_SEARCH_PATHS = "$(inherited) @executable_path/Frameworks";
				PRODUCT_BUNDLE_IDENTIFIER = "com.fanghaos.Powerful-AR-Ruler";
				PRODUCT_NAME = "$(TARGET_NAME)";
				SWIFT_VERSION = 4.0;
				TARGETED_DEVICE_FAMILY = "1,2";
			};
			name = Debug;
		};
		C0C4533D205D66DB009D67B0 /* Release */ = {
			isa = XCBuildConfiguration;
			buildSettings = {
				ASSETCATALOG_COMPILER_APPICON_NAME = AppIcon;
				CODE_SIGN_STYLE = Automatic;
				DEVELOPMENT_TEAM = 5S328P56KJ;
				INFOPLIST_FILE = "Powerful AR Ruler/Info.plist";
				LD_RUNPATH_SEARCH_PATHS = "$(inherited) @executable_path/Frameworks";
				PRODUCT_BUNDLE_IDENTIFIER = "com.fanghaos.Powerful-AR-Ruler";
				PRODUCT_NAME = "$(TARGET_NAME)";
				SWIFT_VERSION = 4.0;
				TARGETED_DEVICE_FAMILY = "1,2";
			};
			name = Release;
		};
/* End XCBuildConfiguration section */

/* Begin XCConfigurationList section */
		C0C45322205D66DA009D67B0 /* Build configuration list for PBXProject "Powerful AR Ruler" */ = {
			isa = XCConfigurationList;
			buildConfigurations = (
				C0C45339205D66DB009D67B0 /* Debug */,
				C0C4533A205D66DB009D67B0 /* Release */,
			);
			defaultConfigurationIsVisible = 0;
			defaultConfigurationName = Release;
		};
		C0C4533B205D66DB009D67B0 /* Build configuration list for PBXNativeTarget "Powerful AR Ruler" */ = {
			isa = XCConfigurationList;
			buildConfigurations = (
				C0C4533C205D66DB009D67B0 /* Debug */,
				C0C4533D205D66DB009D67B0 /* Release */,
			);
			defaultConfigurationIsVisible = 0;
			defaultConfigurationName = Release;
		};
/* End XCConfigurationList section */
	};
	rootObject = C0C4531F205D66DA009D67B0 /* Project object */;
}
